
Microsoft Visual Studio Solution File, Format Version 12.00
Project("{FAE04EC0-301F-11D3-BF4B-00C04F79EFBC}") = "MazeSolver2.2", "MazeSolver2.2\MazeSolver2.2.csproj", "{1137DDC0-3267-4B74-A7F1-B656F407C211}"
EndProject
Global
	GlobalSection(SolutionConfigurationPlatforms) = preSolution
		Debug|Any CPU = Debug|Any CPU
		Release|Any CPU = Release|Any CPU
	EndGlobalSection
	GlobalSection(ProjectConfigurationPlatforms) = postSolution
		{1137DDC0-3267-4B74-A7F1-B656F407C211}.Debug|Any CPU.ActiveCfg = Debug|Any CPU
		{1137DDC0-3267-4B74-A7F1-B656F407C211}.Debug|Any CPU.Build.0 = Debug|Any CPU
		{1137DDC0-3267-4B74-A7F1-B656F407C211}.Release|Any CPU.ActiveCfg = Release|Any CPU
		{1137DDC0-3267-4B74-A7F1-B656F407C211}.Release|Any CPU.Build.0 = Release|Any CPU
	EndGlobalSection
EndGlobal
